
Microsoft Visual Studio Solution File, Format Version 12.00
# Visual Studio 14
VisualStudioVersion = 14.0.23107.0
MinimumVisualStudioVersion = 10.0.40219.1
Project("{FAE04EC0-301F-11D3-BF4B-00C04F79EFBC}") = "AsosCodingStyle.Web", "AsosCodingStyle.Web\AsosCodingStyle.Web.csproj", "{6774CFBA-8F67-426C-8631-7CC34DECF764}"
EndProject
Project("{FAE04EC0-301F-11D3-BF4B-00C04F79EFBC}") = "AsosCodingStyle.JsUnitTests", "AsosCodingStyle.JsUnitTests\AsosCodingStyle.JsUnitTests.csproj", "{D30B9F6D-50B9-4DAF-95A6-AD5413E7832F}"
EndProject
Project("{2150E333-8FDC-42A3-9474-1A3956D46DE8}") = "Unit Tests", "Unit Tests", "{498A259A-E9FB-4E32-94A1-DC9BBD8FB0D8}"
EndProject
Project("{FAE04EC0-301F-11D3-BF4B-00C04F79EFBC}") = "AsosCodingStyle.WebApi", "AsosCodingStyle.WebApi\AsosCodingStyle.WebApi.csproj", "{EE6478A7-497A-4161-9176-5A8796FF0212}"
EndProject
Project("{FAE04EC0-301F-11D3-BF4B-00C04F79EFBC}") = "AsosCodingStyle.WebApi.UnitTests", "AsosCodingStyle.WebApi.UnitTests\AsosCodingStyle.WebApi.UnitTests.csproj", "{4C7D48EE-2E0B-47C8-9FAF-CEFD09A534F3}"
EndProject
Project("{FAE04EC0-301F-11D3-BF4B-00C04F79EFBC}") = "AsosCodingStyle.Data", "AsosCodingStyle.Data\AsosCodingStyle.Data.csproj", "{33DBC4B9-C7A7-4E4E-BD31-71C1CFA87D7B}"
EndProject
Project("{FAE04EC0-301F-11D3-BF4B-00C04F79EFBC}") = "AsosCodingStyle.Data.Scraper", "AsosCodingStyle.Data.Scraper\AsosCodingStyle.Data.Scraper.csproj", "{92130AE4-DF0A-44A5-9BF1-E1BB95ECD740}"
EndProject
Project("{FAE04EC0-301F-11D3-BF4B-00C04F79EFBC}") = "AsosCodingStyle.DataAccess", "AsosCodingStyle.DataAccess\AsosCodingStyle.DataAccess.csproj", "{1E46BCED-1B14-444A-B596-9206816E27B6}"
EndProject
Global
	GlobalSection(SolutionConfigurationPlatforms) = preSolution
		Debug|Any CPU = Debug|Any CPU
		Release|Any CPU = Release|Any CPU
	EndGlobalSection
	GlobalSection(ProjectConfigurationPlatforms) = postSolution
		{6774CFBA-8F67-426C-8631-7CC34DECF764}.Debug|Any CPU.ActiveCfg = Debug|Any CPU
		{6774CFBA-8F67-426C-8631-7CC34DECF764}.Debug|Any CPU.Build.0 = Debug|Any CPU
		{6774CFBA-8F67-426C-8631-7CC34DECF764}.Release|Any CPU.ActiveCfg = Release|Any CPU
		{6774CFBA-8F67-426C-8631-7CC34DECF764}.Release|Any CPU.Build.0 = Release|Any CPU
		{D30B9F6D-50B9-4DAF-95A6-AD5413E7832F}.Debug|Any CPU.ActiveCfg = Debug|Any CPU
		{D30B9F6D-50B9-4DAF-95A6-AD5413E7832F}.Debug|Any CPU.Build.0 = Debug|Any CPU
		{D30B9F6D-50B9-4DAF-95A6-AD5413E7832F}.Release|Any CPU.ActiveCfg = Release|Any CPU
		{D30B9F6D-50B9-4DAF-95A6-AD5413E7832F}.Release|Any CPU.Build.0 = Release|Any CPU
		{EE6478A7-497A-4161-9176-5A8796FF0212}.Debug|Any CPU.ActiveCfg = Debug|Any CPU
		{EE6478A7-497A-4161-9176-5A8796FF0212}.Debug|Any CPU.Build.0 = Debug|Any CPU
		{EE6478A7-497A-4161-9176-5A8796FF0212}.Release|Any CPU.ActiveCfg = Release|Any CPU
		{EE6478A7-497A-4161-9176-5A8796FF0212}.Release|Any CPU.Build.0 = Release|Any CPU
		{4C7D48EE-2E0B-47C8-9FAF-CEFD09A534F3}.Debug|Any CPU.ActiveCfg = Debug|Any CPU
		{4C7D48EE-2E0B-47C8-9FAF-CEFD09A534F3}.Debug|Any CPU.Build.0 = Debug|Any CPU
		{4C7D48EE-2E0B-47C8-9FAF-CEFD09A534F3}.Release|Any CPU.ActiveCfg = Release|Any CPU
		{4C7D48EE-2E0B-47C8-9FAF-CEFD09A534F3}.Release|Any CPU.Build.0 = Release|Any CPU
		{33DBC4B9-C7A7-4E4E-BD31-71C1CFA87D7B}.Debug|Any CPU.ActiveCfg = Debug|Any CPU
		{33DBC4B9-C7A7-4E4E-BD31-71C1CFA87D7B}.Debug|Any CPU.Build.0 = Debug|Any CPU
		{33DBC4B9-C7A7-4E4E-BD31-71C1CFA87D7B}.Release|Any CPU.ActiveCfg = Release|Any CPU
		{33DBC4B9-C7A7-4E4E-BD31-71C1CFA87D7B}.Release|Any CPU.Build.0 = Release|Any CPU
		{92130AE4-DF0A-44A5-9BF1-E1BB95ECD740}.Debug|Any CPU.ActiveCfg = Debug|Any CPU
		{92130AE4-DF0A-44A5-9BF1-E1BB95ECD740}.Debug|Any CPU.Build.0 = Debug|Any CPU
		{92130AE4-DF0A-44A5-9BF1-E1BB95ECD740}.Release|Any CPU.ActiveCfg = Release|Any CPU
		{92130AE4-DF0A-44A5-9BF1-E1BB95ECD740}.Release|Any CPU.Build.0 = Release|Any CPU
		{1E46BCED-1B14-444A-B596-9206816E27B6}.Debug|Any CPU.ActiveCfg = Debug|Any CPU
		{1E46BCED-1B14-444A-B596-9206816E27B6}.Debug|Any CPU.Build.0 = Debug|Any CPU
		{1E46BCED-1B14-444A-B596-9206816E27B6}.Release|Any CPU.ActiveCfg = Release|Any CPU
		{1E46BCED-1B14-444A-B596-9206816E27B6}.Release|Any CPU.Build.0 = Release|Any CPU
	EndGlobalSection
	GlobalSection(SolutionProperties) = preSolution
		HideSolutionNode = FALSE
	EndGlobalSection
	GlobalSection(NestedProjects) = preSolution
		{D30B9F6D-50B9-4DAF-95A6-AD5413E7832F} = {498A259A-E9FB-4E32-94A1-DC9BBD8FB0D8}
		{4C7D48EE-2E0B-47C8-9FAF-CEFD09A534F3} = {498A259A-E9FB-4E32-94A1-DC9BBD8FB0D8}
	EndGlobalSection
EndGlobal
